
Microsoft Visual Studio Solution File, Format Version 12.00
# Visual Studio Version 16
VisualStudioVersion = 16.0.32002.261
MinimumVisualStudioVersion = 10.0.40219.1
Project("{8BC9CEB8-8B4A-11D0-8D11-00A0C91BC942}") = "memmap", "memmap\memmap.vcxproj", "{28BD4ECC-EB6F-4F76-B62F-6F51FDBED030}"
EndProject
Project("{8BC9CEB8-8B4A-11D0-8D11-00A0C91BC942}") = "memmap-test", "memmap-test\memmap-test.vcxproj", "{1567E7CA-7259-4953-B0BA-D2B4094245FD}"
EndProject
Project("{8BC9CEB8-8B4A-11D0-8D11-00A0C91BC942}") = "memmap-ptr-test", "memmap-ptr-test\memmap-ptr-test.vcxproj", "{6133DADB-2B95-4439-A4C6-2B0C14773A0E}"
EndProject
Project("{2150E333-8FDC-42A3-9474-1A3956D46DE8}") = "Solution Items", "Solution Items", "{1AA175C3-1AAA-4251-9F76-D46F5F25B931}"
	ProjectSection(SolutionItems) = preProject
		readme.md = readme.md
	EndProjectSection
EndProject
Global
	GlobalSection(SolutionConfigurationPlatforms) = preSolution
		Debug|x64 = Debug|x64
		Debug|x86 = Debug|x86
		Release|x64 = Release|x64
		Release|x86 = Release|x86
	EndGlobalSection
	GlobalSection(ProjectConfigurationPlatforms) = postSolution
		{28BD4ECC-EB6F-4F76-B62F-6F51FDBED030}.Debug|x64.ActiveCfg = Debug|x64
		{28BD4ECC-EB6F-4F76-B62F-6F51FDBED030}.Debug|x64.Build.0 = Debug|x64
		{28BD4ECC-EB6F-4F76-B62F-6F51FDBED030}.Debug|x86.ActiveCfg = Debug|Win32
		{28BD4ECC-EB6F-4F76-B62F-6F51FDBED030}.Debug|x86.Build.0 = Debug|Win32
		{28BD4ECC-EB6F-4F76-B62F-6F51FDBED030}.Release|x64.ActiveCfg = Release|x64
		{28BD4ECC-EB6F-4F76-B62F-6F51FDBED030}.Release|x64.Build.0 = Release|x64
		{28BD4ECC-EB6F-4F76-B62F-6F51FDBED030}.Release|x86.ActiveCfg = Release|Win32
		{28BD4ECC-EB6F-4F76-B62F-6F51FDBED030}.Release|x86.Build.0 = Release|Win32
		{1567E7CA-7259-4953-B0BA-D2B4094245FD}.Debug|x64.ActiveCfg = Debug|x64
		{1567E7CA-7259-4953-B0BA-D2B4094245FD}.Debug|x64.Build.0 = Debug|x64
		{1567E7CA-7259-4953-B0BA-D2B4094245FD}.Debug|x86.ActiveCfg = Debug|Win32
		{1567E7CA-7259-4953-B0BA-D2B4094245FD}.Debug|x86.Build.0 = Debug|Win32
		{1567E7CA-7259-4953-B0BA-D2B4094245FD}.Release|x64.ActiveCfg = Release|x64
		{1567E7CA-7259-4953-B0BA-D2B4094245FD}.Release|x64.Build.0 = Release|x64
		{1567E7CA-7259-4953-B0BA-D2B4094245FD}.Release|x86.ActiveCfg = Release|Win32
		{1567E7CA-7259-4953-B0BA-D2B4094245FD}.Release|x86.Build.0 = Release|Win32
		{6133DADB-2B95-4439-A4C6-2B0C14773A0E}.Debug|x64.ActiveCfg = Debug|x64
		{6133DADB-2B95-4439-A4C6-2B0C14773A0E}.Debug|x64.Build.0 = Debug|x64
		{6133DADB-2B95-4439-A4C6-2B0C14773A0E}.Debug|x86.ActiveCfg = Debug|Win32
		{6133DADB-2B95-4439-A4C6-2B0C14773A0E}.Debug|x86.Build.0 = Debug|Win32
		{6133DADB-2B95-4439-A4C6-2B0C14773A0E}.Release|x64.ActiveCfg = Release|x64
		{6133DADB-2B95-4439-A4C6-2B0C14773A0E}.Release|x64.Build.0 = Release|x64
		{6133DADB-2B95-4439-A4C6-2B0C14773A0E}.Release|x86.ActiveCfg = Release|Win32
		{6133DADB-2B95-4439-A4C6-2B0C14773A0E}.Release|x86.Build.0 = Release|Win32
	EndGlobalSection
	GlobalSection(SolutionProperties) = preSolution
		HideSolutionNode = FALSE
	EndGlobalSection
	GlobalSection(ExtensibilityGlobals) = postSolution
		SolutionGuid = {C21B10BA-934E-4CC7-9CD2-D907163A1F3C}
	EndGlobalSection
EndGlobal
